
Microsoft Visual Studio Solution File, Format Version 12.00
Project("{2150E333-8FDC-42A3-9474-1A3956D46DE8}") = "Source", "Source", "{A426FC25-DF6C-4C6A-82C0-3D75A1F4CC85}"
EndProject
Project("{2150E333-8FDC-42A3-9474-1A3956D46DE8}") = "4 . Presentation", "4 . Presentation", "{00357D65-1D7C-40B6-B7CC-578E2B22677F}"
EndProject
Project("{2150E333-8FDC-42A3-9474-1A3956D46DE8}") = "0 . CrossCutting", "0 . CrossCutting", "{1797208C-3F4C-4C19-83FC-697AB4214E52}"
EndProject
Project("{2150E333-8FDC-42A3-9474-1A3956D46DE8}") = "1 . Domain", "1 . Domain", "{5996F1BA-5B16-4A00-8EAD-1015F0C7DC58}"
EndProject
Project("{2150E333-8FDC-42A3-9474-1A3956D46DE8}") = "2 . Application", "2 . Application", "{3899AC20-34FA-4EA3-B878-0ECC2AA0321D}"
EndProject
Project("{2150E333-8FDC-42A3-9474-1A3956D46DE8}") = "3 . Infrastructure", "3 . Infrastructure", "{BA649528-BE0C-4AB2-816D-E04757F2801D}"
EndProject
Project("{2150E333-8FDC-42A3-9474-1A3956D46DE8}") = "Tests", "Tests", "{31436E3A-1D85-487E-93A5-121930691BA2}"
EndProject
Project("{2150E333-8FDC-42A3-9474-1A3956D46DE8}") = "0 . CrossCutting", "0 . CrossCutting", "{4D6CB216-934A-45AE-9565-A4B75641B758}"
EndProject
Project("{2150E333-8FDC-42A3-9474-1A3956D46DE8}") = "1 . Domain", "1 . Domain", "{3F2D6B3A-5338-4EFD-886D-C3D23F3870EB}"
EndProject
Project("{2150E333-8FDC-42A3-9474-1A3956D46DE8}") = "2 . Application", "2 . Application", "{BD020882-9F3F-46B8-9022-B47A2FA7E089}"
EndProject
Project("{2150E333-8FDC-42A3-9474-1A3956D46DE8}") = "3 . Infrastructure", "3 . Infrastructure", "{CA0C6E86-0360-490E-A009-007D1F69090E}"
EndProject
Project("{2150E333-8FDC-42A3-9474-1A3956D46DE8}") = "4 . Presentation", "4 . Presentation", "{1C0960DC-9CED-4C7F-92A5-A5AC850027BB}"
EndProject
Project("{FAE04EC0-301F-11D3-BF4B-00C04F79EFBC}") = "EcommerceExample.CrossCutting.Contracts", "Source\CrossCutting\EcommerceExample.CrossCutting.Contracts\EcommerceExample.CrossCutting.Contracts.csproj", "{80A33BEA-5B07-43C2-A740-BE689A78994C}"
EndProject
Project("{FAE04EC0-301F-11D3-BF4B-00C04F79EFBC}") = "EcommerceExample.Domain", "Source\Domain\EcommerceExample.Domain\EcommerceExample.Domain.csproj", "{BB7CDC8D-0C77-4921-88F8-E4B984FAE0DE}"
EndProject
Project("{FAE04EC0-301F-11D3-BF4B-00C04F79EFBC}") = "EcommerceExample.Application", "Source\Application\EcommerceExample.Application\EcommerceExample.Application.csproj", "{BABE407E-0CFC-4973-B177-31D1AD34AC82}"
EndProject
Project("{FAE04EC0-301F-11D3-BF4B-00C04F79EFBC}") = "EcommerceExample.Infrastructure", "Source\Infrastructure\EcommerceExample.Infrastructure\EcommerceExample.Infrastructure.csproj", "{52418A2E-D55E-49D8-83D1-3A82EC0757F5}"
EndProject
Project("{FAE04EC0-301F-11D3-BF4B-00C04F79EFBC}") = "EcommerceExample.Presentation.WebApi", "Source\Presentation\EcommerceExample.Presentation.WebApi\EcommerceExample.Presentation.WebApi.csproj", "{42B0BFE2-CBE3-4344-A6BA-7B737E85153D}"
EndProject
Project("{FAE04EC0-301F-11D3-BF4B-00C04F79EFBC}") = "EcommerceExample.Presentation.WebApp", "Source\Presentation\EcommerceExample.Presentation.WebApp\EcommerceExample.Presentation.WebApp.csproj", "{EEABC34E-7862-4339-BAA7-374D362802B7}"
EndProject
Project("{FAE04EC0-301F-11D3-BF4B-00C04F79EFBC}") = "EcommerceExample.Infrastructure.Persistence", "Source\Infrastructure\EcommerceExample.Infrastructure.Persistence\EcommerceExample.Infrastructure.Persistence.csproj", "{608B124A-BE58-4CA4-B14D-B9769334560A}"
EndProject
Global
	GlobalSection(SolutionConfigurationPlatforms) = preSolution
		Debug|Any CPU = Debug|Any CPU
		Release|Any CPU = Release|Any CPU
	EndGlobalSection
	GlobalSection(NestedProjects) = preSolution
		{00357D65-1D7C-40B6-B7CC-578E2B22677F} = {A426FC25-DF6C-4C6A-82C0-3D75A1F4CC85}
		{1797208C-3F4C-4C19-83FC-697AB4214E52} = {A426FC25-DF6C-4C6A-82C0-3D75A1F4CC85}
		{5996F1BA-5B16-4A00-8EAD-1015F0C7DC58} = {A426FC25-DF6C-4C6A-82C0-3D75A1F4CC85}
		{3899AC20-34FA-4EA3-B878-0ECC2AA0321D} = {A426FC25-DF6C-4C6A-82C0-3D75A1F4CC85}
		{BA649528-BE0C-4AB2-816D-E04757F2801D} = {A426FC25-DF6C-4C6A-82C0-3D75A1F4CC85}
		{4D6CB216-934A-45AE-9565-A4B75641B758} = {31436E3A-1D85-487E-93A5-121930691BA2}
		{3F2D6B3A-5338-4EFD-886D-C3D23F3870EB} = {31436E3A-1D85-487E-93A5-121930691BA2}
		{BD020882-9F3F-46B8-9022-B47A2FA7E089} = {31436E3A-1D85-487E-93A5-121930691BA2}
		{CA0C6E86-0360-490E-A009-007D1F69090E} = {31436E3A-1D85-487E-93A5-121930691BA2}
		{1C0960DC-9CED-4C7F-92A5-A5AC850027BB} = {31436E3A-1D85-487E-93A5-121930691BA2}
		{80A33BEA-5B07-43C2-A740-BE689A78994C} = {1797208C-3F4C-4C19-83FC-697AB4214E52}
		{BB7CDC8D-0C77-4921-88F8-E4B984FAE0DE} = {5996F1BA-5B16-4A00-8EAD-1015F0C7DC58}
		{BABE407E-0CFC-4973-B177-31D1AD34AC82} = {3899AC20-34FA-4EA3-B878-0ECC2AA0321D}
		{52418A2E-D55E-49D8-83D1-3A82EC0757F5} = {BA649528-BE0C-4AB2-816D-E04757F2801D}
		{42B0BFE2-CBE3-4344-A6BA-7B737E85153D} = {00357D65-1D7C-40B6-B7CC-578E2B22677F}
		{EEABC34E-7862-4339-BAA7-374D362802B7} = {00357D65-1D7C-40B6-B7CC-578E2B22677F}
		{608B124A-BE58-4CA4-B14D-B9769334560A} = {BA649528-BE0C-4AB2-816D-E04757F2801D}
	EndGlobalSection
	GlobalSection(ProjectConfigurationPlatforms) = postSolution
		{80A33BEA-5B07-43C2-A740-BE689A78994C}.Debug|Any CPU.ActiveCfg = Debug|Any CPU
		{80A33BEA-5B07-43C2-A740-BE689A78994C}.Debug|Any CPU.Build.0 = Debug|Any CPU
		{80A33BEA-5B07-43C2-A740-BE689A78994C}.Release|Any CPU.ActiveCfg = Release|Any CPU
		{80A33BEA-5B07-43C2-A740-BE689A78994C}.Release|Any CPU.Build.0 = Release|Any CPU
		{BB7CDC8D-0C77-4921-88F8-E4B984FAE0DE}.Debug|Any CPU.ActiveCfg = Debug|Any CPU
		{BB7CDC8D-0C77-4921-88F8-E4B984FAE0DE}.Debug|Any CPU.Build.0 = Debug|Any CPU
		{BB7CDC8D-0C77-4921-88F8-E4B984FAE0DE}.Release|Any CPU.ActiveCfg = Release|Any CPU
		{BB7CDC8D-0C77-4921-88F8-E4B984FAE0DE}.Release|Any CPU.Build.0 = Release|Any CPU
		{BABE407E-0CFC-4973-B177-31D1AD34AC82}.Debug|Any CPU.ActiveCfg = Debug|Any CPU
		{BABE407E-0CFC-4973-B177-31D1AD34AC82}.Debug|Any CPU.Build.0 = Debug|Any CPU
		{BABE407E-0CFC-4973-B177-31D1AD34AC82}.Release|Any CPU.ActiveCfg = Release|Any CPU
		{BABE407E-0CFC-4973-B177-31D1AD34AC82}.Release|Any CPU.Build.0 = Release|Any CPU
		{52418A2E-D55E-49D8-83D1-3A82EC0757F5}.Debug|Any CPU.ActiveCfg = Debug|Any CPU
		{52418A2E-D55E-49D8-83D1-3A82EC0757F5}.Debug|Any CPU.Build.0 = Debug|Any CPU
		{52418A2E-D55E-49D8-83D1-3A82EC0757F5}.Release|Any CPU.ActiveCfg = Release|Any CPU
		{52418A2E-D55E-49D8-83D1-3A82EC0757F5}.Release|Any CPU.Build.0 = Release|Any CPU
		{42B0BFE2-CBE3-4344-A6BA-7B737E85153D}.Debug|Any CPU.ActiveCfg = Debug|Any CPU
		{42B0BFE2-CBE3-4344-A6BA-7B737E85153D}.Debug|Any CPU.Build.0 = Debug|Any CPU
		{42B0BFE2-CBE3-4344-A6BA-7B737E85153D}.Release|Any CPU.ActiveCfg = Release|Any CPU
		{42B0BFE2-CBE3-4344-A6BA-7B737E85153D}.Release|Any CPU.Build.0 = Release|Any CPU
		{EEABC34E-7862-4339-BAA7-374D362802B7}.Debug|Any CPU.ActiveCfg = Debug|Any CPU
		{EEABC34E-7862-4339-BAA7-374D362802B7}.Debug|Any CPU.Build.0 = Debug|Any CPU
		{EEABC34E-7862-4339-BAA7-374D362802B7}.Release|Any CPU.ActiveCfg = Release|Any CPU
		{EEABC34E-7862-4339-BAA7-374D362802B7}.Release|Any CPU.Build.0 = Release|Any CPU
		{608B124A-BE58-4CA4-B14D-B9769334560A}.Debug|Any CPU.ActiveCfg = Debug|Any CPU
		{608B124A-BE58-4CA4-B14D-B9769334560A}.Debug|Any CPU.Build.0 = Debug|Any CPU
		{608B124A-BE58-4CA4-B14D-B9769334560A}.Release|Any CPU.ActiveCfg = Release|Any CPU
		{608B124A-BE58-4CA4-B14D-B9769334560A}.Release|Any CPU.Build.0 = Release|Any CPU
	EndGlobalSection
EndGlobal
